
Microsoft Visual Studio Solution File, Format Version 12.00
# Visual Studio Version 16
VisualStudioVersion = 16.0.31112.23
MinimumVisualStudioVersion = 10.0.40219.1
Project("{9A19103F-16F7-4668-BE54-9A1E7A4F7556}") = "TreeListSample.Module", "TreeListSample.Module\TreeListSample.Module.csproj", "{983F1392-D210-4892-9301-CFA2A7221712}"
EndProject
Project("{9A19103F-16F7-4668-BE54-9A1E7A4F7556}") = "TreeListSample.Blazor.Server", "TreeListSample.Blazor.Server\TreeListSample.Blazor.Server.csproj", "{A2F93E9D-A4BF-466F-83EA-672DDBC67335}"
EndProject
Project("{9A19103F-16F7-4668-BE54-9A1E7A4F7556}") = "TreeList.Module.Blazor", "TreeList.Module.Blazor\TreeList.Module.Blazor.csproj", "{FB2F57C5-A568-4BCE-9ED1-D4B2BA85EDE7}"
EndProject
Global
	GlobalSection(SolutionConfigurationPlatforms) = preSolution
		Debug|Any CPU = Debug|Any CPU
		EasyTest|Any CPU = EasyTest|Any CPU
		Release|Any CPU = Release|Any CPU
	EndGlobalSection
	GlobalSection(ProjectConfigurationPlatforms) = postSolution
		{983F1392-D210-4892-9301-CFA2A7221712}.Debug|Any CPU.ActiveCfg = Debug|Any CPU
		{983F1392-D210-4892-9301-CFA2A7221712}.Debug|Any CPU.Build.0 = Debug|Any CPU
		{983F1392-D210-4892-9301-CFA2A7221712}.EasyTest|Any CPU.ActiveCfg = EasyTest|Any CPU
		{983F1392-D210-4892-9301-CFA2A7221712}.EasyTest|Any CPU.Build.0 = EasyTest|Any CPU
		{983F1392-D210-4892-9301-CFA2A7221712}.Release|Any CPU.ActiveCfg = Release|Any CPU
		{983F1392-D210-4892-9301-CFA2A7221712}.Release|Any CPU.Build.0 = Release|Any CPU
		{A2F93E9D-A4BF-466F-83EA-672DDBC67335}.Debug|Any CPU.ActiveCfg = Debug|Any CPU
		{A2F93E9D-A4BF-466F-83EA-672DDBC67335}.Debug|Any CPU.Build.0 = Debug|Any CPU
		{A2F93E9D-A4BF-466F-83EA-672DDBC67335}.EasyTest|Any CPU.ActiveCfg = EasyTest|Any CPU
		{A2F93E9D-A4BF-466F-83EA-672DDBC67335}.EasyTest|Any CPU.Build.0 = EasyTest|Any CPU
		{A2F93E9D-A4BF-466F-83EA-672DDBC67335}.Release|Any CPU.ActiveCfg = Release|Any CPU
		{A2F93E9D-A4BF-466F-83EA-672DDBC67335}.Release|Any CPU.Build.0 = Release|Any CPU
		{FB2F57C5-A568-4BCE-9ED1-D4B2BA85EDE7}.Debug|Any CPU.ActiveCfg = Debug|Any CPU
		{FB2F57C5-A568-4BCE-9ED1-D4B2BA85EDE7}.Debug|Any CPU.Build.0 = Debug|Any CPU
		{FB2F57C5-A568-4BCE-9ED1-D4B2BA85EDE7}.EasyTest|Any CPU.ActiveCfg = EasyTest|Any CPU
		{FB2F57C5-A568-4BCE-9ED1-D4B2BA85EDE7}.EasyTest|Any CPU.Build.0 = EasyTest|Any CPU
		{FB2F57C5-A568-4BCE-9ED1-D4B2BA85EDE7}.Release|Any CPU.ActiveCfg = Release|Any CPU
		{FB2F57C5-A568-4BCE-9ED1-D4B2BA85EDE7}.Release|Any CPU.Build.0 = Release|Any CPU
	EndGlobalSection
	GlobalSection(SolutionProperties) = preSolution
		HideSolutionNode = FALSE
	EndGlobalSection
	GlobalSection(ExtensibilityGlobals) = postSolution
		SolutionGuid = {35312320-47AD-42FF-9FD1-BC3397B54D28}
	EndGlobalSection
EndGlobal
